
Microsoft Visual Studio Solution File, Format Version 12.00
# Visual Studio Version 17
VisualStudioVersion = 17.8.34511.84
MinimumVisualStudioVersion = 10.0.40219.1
Project("{FAE04EC0-301F-11D3-BF4B-00C04F79EFBC}") = "MVC-CRUD1", "MVC-CRUD1\MVC-CRUD1.csproj", "{61E123A1-7400-451D-A601-95F1ECB85AEC}"
EndProject
Global
	GlobalSection(SolutionConfigurationPlatforms) = preSolution
		Debug|Any CPU = Debug|Any CPU
		Release|Any CPU = Release|Any CPU
	EndGlobalSection
	GlobalSection(ProjectConfigurationPlatforms) = postSolution
		{61E123A1-7400-451D-A601-95F1ECB85AEC}.Debug|Any CPU.ActiveCfg = Debug|Any CPU
		{61E123A1-7400-451D-A601-95F1ECB85AEC}.Debug|Any CPU.Build.0 = Debug|Any CPU
		{61E123A1-7400-451D-A601-95F1ECB85AEC}.Release|Any CPU.ActiveCfg = Release|Any CPU
		{61E123A1-7400-451D-A601-95F1ECB85AEC}.Release|Any CPU.Build.0 = Release|Any CPU
	EndGlobalSection
	GlobalSection(SolutionProperties) = preSolution
		HideSolutionNode = FALSE
	EndGlobalSection
	GlobalSection(ExtensibilityGlobals) = postSolution
		SolutionGuid = {9B3A527A-FBAA-48B9-A483-25BAC095DE15}
	EndGlobalSection
EndGlobal
